{
  "name": "code",
  "lockfileVersion": 3,
  "requires": true,
  "packages": {
    "": {
      "dependencies": {
        "@fontsource/manrope": "^5.0.20"
      }
    },
    "node_modules/@fontsource/manrope": {
      "version": "5.0.20",
      "resolved": "https://registry.npmjs.org/@fontsource/manrope/-/manrope-5.0.20.tgz",
      "integrity": "sha512-FW1t+WAvJroALa7zgd5S2dn3zy/sxxHhry/OwDGKmO7Be/zlLBIVaWW+cjyfyA6a6zWEx5YQ4OFfYlA6An5osQ=="
    }
  }
}
